# Run ./gradlew writeVersionsLocks to regenerate this file. Blank lines are to minimize merge conflicts.

com.google.auto.service:auto-service-annotations:1.1.1 (1 constraints: 0505f435)

com.google.code.findbugs:jsr305:3.0.2 (1 constraints: 0705fc35)

com.google.errorprone:error_prone_annotations:2.3.3 (1 constraints: 0a050136)

com.palantir.goethe:goethe:0.25.0 (1 constraints: 3905363b)

com.palantir.javapoet:javapoet:0.17.0 (1 constraints: f80b6bf7)

com.squareup:javapoet:1.13.0 (2 constraints: 2b113eee)

org.apache.logging.log4j:log4j-api:2.23.1 (1 constraints: 3a053d3b)

org.jetbrains:annotations:26.1.0 (1 constraints: 3b054e3b)

org.slf4j:slf4j-api:1.7.31 (1 constraints: 3e05463b)



[Test dependencies]

net.bytebuddy:byte-buddy:1.18.3 (1 constraints: 530b55df)

org.apiguardian:apiguardian-api:1.1.2 (6 constraints: 5366ce6e)

org.assertj:assertj-core:3.27.7 (1 constraints: 4505553b)

org.jspecify:jspecify:1.0.0 (6 constraints: 4166fe65)

org.junit.jupiter:junit-jupiter:6.1.2 (1 constraints: 4a070f70)

org.junit.jupiter:junit-jupiter-api:6.1.2 (4 constraints: 6e3470b3)

org.junit.jupiter:junit-jupiter-engine:6.1.2 (1 constraints: 060ecf3b)

org.junit.jupiter:junit-jupiter-params:6.1.2 (1 constraints: 060ecf3b)

org.junit.platform:junit-platform-commons:6.1.2 (2 constraints: d920b14a)

org.junit.platform:junit-platform-engine:6.1.2 (2 constraints: f1224a08)

org.junit.platform:junit-platform-launcher:6.1.2 (1 constraints: 0b050e36)

org.opentest4j:opentest4j:1.3.0 (2 constraints: cf209249)
