# Run ./gradlew --write-locks to regenerate this file
com.github.ben-manes.caffeine:caffeine:3.0.5 (2 constraints: ea24f7d9)
com.github.kevinstern:software-and-algorithms:1.0 (2 constraints: 16246655)
com.google.auto:auto-common:1.2.1 (3 constraints: 2732474e)
com.google.auto.service:auto-service:1.0.1 (2 constraints: fb16992e)
com.google.auto.service:auto-service-annotations:1.0.1 (5 constraints: d64b1610)
com.google.auto.value:auto-value-annotations:1.7.4 (3 constraints: 1c3595c5)
com.google.code.findbugs:jFormatString:3.0.0 (2 constraints: e8220411)
com.google.code.findbugs:jsr305:3.0.2 (6 constraints: a750748d)
com.google.errorprone:error_prone_annotation:2.10.0 (3 constraints: 553624ef)
com.google.errorprone:error_prone_annotations:2.11.0 (7 constraints: 6b6110c8)
com.google.errorprone:error_prone_check_api:2.10.0 (2 constraints: 4823fc4e)
com.google.errorprone:error_prone_core:2.10.0 (3 constraints: dc3264fc)
com.google.errorprone:error_prone_type_annotations:2.10.0 (2 constraints: 4823fc4e)
com.google.errorprone:javac:9+181-r4173-1 (3 constraints: 003cc23b)
com.google.guava:failureaccess:1.0.1 (3 constraints: cc27d770)
com.google.guava:guava:31.0.1-jre (8 constraints: 1a7b6ffa)
com.google.guava:listenablefuture:9999.0-empty-to-avoid-conflict-with-guava (3 constraints: c750578a)
com.google.j2objc:j2objc-annotations:1.3 (3 constraints: b8263aac)
com.google.protobuf:protobuf-java:3.4.0 (2 constraints: f022e811)
com.palantir.baseline:baseline-error-prone:4.70.0 (2 constraints: 7417fc56)
com.palantir.goethe:goethe:0.6.0 (1 constraints: 0805fd35)
com.squareup:javapoet:1.13.0 (2 constraints: 2b113eee)
com.uber.nullaway:nullaway:0.9.5 (1 constraints: 10050b36)
io.github.java-diff-utils:java-diff-utils:4.0 (2 constraints: 1c240b56)
net.bytebuddy:byte-buddy:1.12.7 (2 constraints: 751d0554)
net.bytebuddy:byte-buddy-agent:1.12.7 (2 constraints: 751d0554)
org.checkerframework:checker-qual:3.19.0 (5 constraints: a93de5a4)
org.checkerframework:dataflow-errorprone:3.15.0 (3 constraints: 6736f3f2)
org.checkerframework:dataflow-nullaway:3.21.1 (1 constraints: 2c0c0dfa)
org.eclipse.jgit:org.eclipse.jgit:5.13.0.202109080827-r (2 constraints: b1299390)
org.mockito:mockito-core:4.3.1 (2 constraints: b41f00e4)
org.mockito:mockito-errorprone:4.3.1 (1 constraints: fe1109f9)
org.objenesis:objenesis:3.2 (2 constraints: 4d1c5eb4)
org.pcollections:pcollections:2.1.2 (2 constraints: ec226a11)
org.slf4j:slf4j-api:1.7.36 (2 constraints: 74170757)

[Test dependencies]
com.google.errorprone:error_prone_refaster:2.10.0 (2 constraints: 32171647)
junit:junit:4.13.2 (2 constraints: 6b179a56)
org.assertj:assertj-core:3.22.0 (2 constraints: 6517f055)
org.hamcrest:hamcrest:2.2 (2 constraints: 0d1df4ef)
org.hamcrest:hamcrest-core:2.2 (2 constraints: 67173952)
